
Microsoft Visual Studio Solution File, Format Version 12.00
# Visual Studio Version 16
VisualStudioVersion = 16.0.30011.22
MinimumVisualStudioVersion = 10.0.40219.1
Project("{9A19103F-16F7-4668-BE54-9A1E7A4F7556}") = "EventosTec.Library", "EventosTec.Library\EventosTec.Library.csproj", "{6BE3B826-F075-4813-8DF1-86C803FE82B5}"
EndProject
Project("{9A19103F-16F7-4668-BE54-9A1E7A4F7556}") = "EventoTec.Web", "EventoTec.Web\EventoTec.Web.csproj", "{AB3A297A-9BC8-4FB5-B84F-B24BC3F37DD6}"
EndProject
Project("{FAE04EC0-301F-11D3-BF4B-00C04F79EFBC}") = "EventoTec.Prism", "EventoTec.Prism\EventoTec.Prism\EventoTec.Prism.csproj", "{00151508-0318-41E4-B52F-FFAFB959D77F}"
EndProject
Project("{FAE04EC0-301F-11D3-BF4B-00C04F79EFBC}") = "EventoTec.Prism.Android", "EventoTec.Prism\EventoTec.Prism.Android\EventoTec.Prism.Android.csproj", "{ED57627B-3006-4850-9907-F95A1BCA6454}"
EndProject
Project("{FAE04EC0-301F-11D3-BF4B-00C04F79EFBC}") = "EventoTec.Prism.iOS", "EventoTec.Prism\EventoTec.Prism.iOS\EventoTec.Prism.iOS.csproj", "{F01669B1-BCAD-4322-90E7-B307DC62DA03}"
EndProject
Global
	GlobalSection(SolutionConfigurationPlatforms) = preSolution
		Ad-Hoc|Any CPU = Ad-Hoc|Any CPU
		Ad-Hoc|iPhone = Ad-Hoc|iPhone
		Ad-Hoc|iPhoneSimulator = Ad-Hoc|iPhoneSimulator
		AppStore|Any CPU = AppStore|Any CPU
		AppStore|iPhone = AppStore|iPhone
		AppStore|iPhoneSimulator = AppStore|iPhoneSimulator
		Debug|Any CPU = Debug|Any CPU
		Debug|iPhone = Debug|iPhone
		Debug|iPhoneSimulator = Debug|iPhoneSimulator
		Release|Any CPU = Release|Any CPU
		Release|iPhone = Release|iPhone
		Release|iPhoneSimulator = Release|iPhoneSimulator
	EndGlobalSection
	GlobalSection(ProjectConfigurationPlatforms) = postSolution
		{6BE3B826-F075-4813-8DF1-86C803FE82B5}.Ad-Hoc|Any CPU.ActiveCfg = Release|Any CPU
		{6BE3B826-F075-4813-8DF1-86C803FE82B5}.Ad-Hoc|Any CPU.Build.0 = Release|Any CPU
		{6BE3B826-F075-4813-8DF1-86C803FE82B5}.Ad-Hoc|iPhone.ActiveCfg = Release|Any CPU
		{6BE3B826-F075-4813-8DF1-86C803FE82B5}.Ad-Hoc|iPhone.Build.0 = Release|Any CPU
		{6BE3B826-F075-4813-8DF1-86C803FE82B5}.Ad-Hoc|iPhoneSimulator.ActiveCfg = Release|Any CPU
		{6BE3B826-F075-4813-8DF1-86C803FE82B5}.Ad-Hoc|iPhoneSimulator.Build.0 = Release|Any CPU
		{6BE3B826-F075-4813-8DF1-86C803FE82B5}.AppStore|Any CPU.ActiveCfg = Release|Any CPU
		{6BE3B826-F075-4813-8DF1-86C803FE82B5}.AppStore|Any CPU.Build.0 = Release|Any CPU
		{6BE3B826-F075-4813-8DF1-86C803FE82B5}.AppStore|iPhone.ActiveCfg = Release|Any CPU
		{6BE3B826-F075-4813-8DF1-86C803FE82B5}.AppStore|iPhone.Build.0 = Release|Any CPU
		{6BE3B826-F075-4813-8DF1-86C803FE82B5}.AppStore|iPhoneSimulator.ActiveCfg = Release|Any CPU
		{6BE3B826-F075-4813-8DF1-86C803FE82B5}.AppStore|iPhoneSimulator.Build.0 = Release|Any CPU
		{6BE3B826-F075-4813-8DF1-86C803FE82B5}.Debug|Any CPU.ActiveCfg = Debug|Any CPU
		{6BE3B826-F075-4813-8DF1-86C803FE82B5}.Debug|Any CPU.Build.0 = Debug|Any CPU
		{6BE3B826-F075-4813-8DF1-86C803FE82B5}.Debug|iPhone.ActiveCfg = Debug|Any CPU
		{6BE3B826-F075-4813-8DF1-86C803FE82B5}.Debug|iPhone.Build.0 = Debug|Any CPU
		{6BE3B826-F075-4813-8DF1-86C803FE82B5}.Debug|iPhoneSimulator.ActiveCfg = Debug|Any CPU
		{6BE3B826-F075-4813-8DF1-86C803FE82B5}.Debug|iPhoneSimulator.Build.0 = Debug|Any CPU
		{6BE3B826-F075-4813-8DF1-86C803FE82B5}.Release|Any CPU.ActiveCfg = Release|Any CPU
		{6BE3B826-F075-4813-8DF1-86C803FE82B5}.Release|Any CPU.Build.0 = Release|Any CPU
		{6BE3B826-F075-4813-8DF1-86C803FE82B5}.Release|iPhone.ActiveCfg = Release|Any CPU
		{6BE3B826-F075-4813-8DF1-86C803FE82B5}.Release|iPhone.Build.0 = Release|Any CPU
		{6BE3B826-F075-4813-8DF1-86C803FE82B5}.Release|iPhoneSimulator.ActiveCfg = Release|Any CPU
		{6BE3B826-F075-4813-8DF1-86C803FE82B5}.Release|iPhoneSimulator.Build.0 = Release|Any CPU
		{AB3A297A-9BC8-4FB5-B84F-B24BC3F37DD6}.Ad-Hoc|Any CPU.ActiveCfg = Release|Any CPU
		{AB3A297A-9BC8-4FB5-B84F-B24BC3F37DD6}.Ad-Hoc|Any CPU.Build.0 = Release|Any CPU
		{AB3A297A-9BC8-4FB5-B84F-B24BC3F37DD6}.Ad-Hoc|iPhone.ActiveCfg = Release|Any CPU
		{AB3A297A-9BC8-4FB5-B84F-B24BC3F37DD6}.Ad-Hoc|iPhone.Build.0 = Release|Any CPU
		{AB3A297A-9BC8-4FB5-B84F-B24BC3F37DD6}.Ad-Hoc|iPhoneSimulator.ActiveCfg = Release|Any CPU
		{AB3A297A-9BC8-4FB5-B84F-B24BC3F37DD6}.Ad-Hoc|iPhoneSimulator.Build.0 = Release|Any CPU
		{AB3A297A-9BC8-4FB5-B84F-B24BC3F37DD6}.AppStore|Any CPU.ActiveCfg = Release|Any CPU
		{AB3A297A-9BC8-4FB5-B84F-B24BC3F37DD6}.AppStore|Any CPU.Build.0 = Release|Any CPU
		{AB3A297A-9BC8-4FB5-B84F-B24BC3F37DD6}.AppStore|iPhone.ActiveCfg = Release|Any CPU
		{AB3A297A-9BC8-4FB5-B84F-B24BC3F37DD6}.AppStore|iPhone.Build.0 = Release|Any CPU
		{AB3A297A-9BC8-4FB5-B84F-B24BC3F37DD6}.AppStore|iPhoneSimulator.ActiveCfg = Release|Any CPU
		{AB3A297A-9BC8-4FB5-B84F-B24BC3F37DD6}.AppStore|iPhoneSimulator.Build.0 = Release|Any CPU
		{AB3A297A-9BC8-4FB5-B84F-B24BC3F37DD6}.Debug|Any CPU.ActiveCfg = Debug|Any CPU
		{AB3A297A-9BC8-4FB5-B84F-B24BC3F37DD6}.Debug|Any CPU.Build.0 = Debug|Any CPU
		{AB3A297A-9BC8-4FB5-B84F-B24BC3F37DD6}.Debug|iPhone.ActiveCfg = Debug|Any CPU
		{AB3A297A-9BC8-4FB5-B84F-B24BC3F37DD6}.Debug|iPhone.Build.0 = Debug|Any CPU
		{AB3A297A-9BC8-4FB5-B84F-B24BC3F37DD6}.Debug|iPhoneSimulator.ActiveCfg = Debug|Any CPU
		{AB3A297A-9BC8-4FB5-B84F-B24BC3F37DD6}.Debug|iPhoneSimulator.Build.0 = Debug|Any CPU
		{AB3A297A-9BC8-4FB5-B84F-B24BC3F37DD6}.Release|Any CPU.ActiveCfg = Release|Any CPU
		{AB3A297A-9BC8-4FB5-B84F-B24BC3F37DD6}.Release|Any CPU.Build.0 = Release|Any CPU
		{AB3A297A-9BC8-4FB5-B84F-B24BC3F37DD6}.Release|iPhone.ActiveCfg = Release|Any CPU
		{AB3A297A-9BC8-4FB5-B84F-B24BC3F37DD6}.Release|iPhone.Build.0 = Release|Any CPU
		{AB3A297A-9BC8-4FB5-B84F-B24BC3F37DD6}.Release|iPhoneSimulator.ActiveCfg = Release|Any CPU
		{AB3A297A-9BC8-4FB5-B84F-B24BC3F37DD6}.Release|iPhoneSimulator.Build.0 = Release|Any CPU
		{00151508-0318-41E4-B52F-FFAFB959D77F}.Ad-Hoc|Any CPU.ActiveCfg = Debug|Any CPU
		{00151508-0318-41E4-B52F-FFAFB959D77F}.Ad-Hoc|Any CPU.Build.0 = Debug|Any CPU
		{00151508-0318-41E4-B52F-FFAFB959D77F}.Ad-Hoc|iPhone.ActiveCfg = Debug|Any CPU
		{00151508-0318-41E4-B52F-FFAFB959D77F}.Ad-Hoc|iPhone.Build.0 = Debug|Any CPU
		{00151508-0318-41E4-B52F-FFAFB959D77F}.Ad-Hoc|iPhoneSimulator.ActiveCfg = Debug|Any CPU
		{00151508-0318-41E4-B52F-FFAFB959D77F}.Ad-Hoc|iPhoneSimulator.Build.0 = Debug|Any CPU
		{00151508-0318-41E4-B52F-FFAFB959D77F}.AppStore|Any CPU.ActiveCfg = Debug|Any CPU
		{00151508-0318-41E4-B52F-FFAFB959D77F}.AppStore|Any CPU.Build.0 = Debug|Any CPU
		{00151508-0318-41E4-B52F-FFAFB959D77F}.AppStore|iPhone.ActiveCfg = Debug|Any CPU
		{00151508-0318-41E4-B52F-FFAFB959D77F}.AppStore|iPhone.Build.0 = Debug|Any CPU
		{00151508-0318-41E4-B52F-FFAFB959D77F}.AppStore|iPhoneSimulator.ActiveCfg = Debug|Any CPU
		{00151508-0318-41E4-B52F-FFAFB959D77F}.AppStore|iPhoneSimulator.Build.0 = Debug|Any CPU
		{00151508-0318-41E4-B52F-FFAFB959D77F}.Debug|Any CPU.ActiveCfg = Debug|Any CPU
		{00151508-0318-41E4-B52F-FFAFB959D77F}.Debug|Any CPU.Build.0 = Debug|Any CPU
		{00151508-0318-41E4-B52F-FFAFB959D77F}.Debug|iPhone.ActiveCfg = Debug|Any CPU
		{00151508-0318-41E4-B52F-FFAFB959D77F}.Debug|iPhone.Build.0 = Debug|Any CPU
		{00151508-0318-41E4-B52F-FFAFB959D77F}.Debug|iPhoneSimulator.ActiveCfg = Debug|Any CPU
		{00151508-0318-41E4-B52F-FFAFB959D77F}.Debug|iPhoneSimulator.Build.0 = Debug|Any CPU
		{00151508-0318-41E4-B52F-FFAFB959D77F}.Release|Any CPU.ActiveCfg = Release|Any CPU
		{00151508-0318-41E4-B52F-FFAFB959D77F}.Release|Any CPU.Build.0 = Release|Any CPU
		{00151508-0318-41E4-B52F-FFAFB959D77F}.Release|iPhone.ActiveCfg = Release|Any CPU
		{00151508-0318-41E4-B52F-FFAFB959D77F}.Release|iPhone.Build.0 = Release|Any CPU
		{00151508-0318-41E4-B52F-FFAFB959D77F}.Release|iPhoneSimulator.ActiveCfg = Release|Any CPU
		{00151508-0318-41E4-B52F-FFAFB959D77F}.Release|iPhoneSimulator.Build.0 = Release|Any CPU
		{ED57627B-3006-4850-9907-F95A1BCA6454}.Ad-Hoc|Any CPU.ActiveCfg = Release|Any CPU
		{ED57627B-3006-4850-9907-F95A1BCA6454}.Ad-Hoc|Any CPU.Build.0 = Release|Any CPU
		{ED57627B-3006-4850-9907-F95A1BCA6454}.Ad-Hoc|Any CPU.Deploy.0 = Release|Any CPU
		{ED57627B-3006-4850-9907-F95A1BCA6454}.Ad-Hoc|iPhone.ActiveCfg = Release|Any CPU
		{ED57627B-3006-4850-9907-F95A1BCA6454}.Ad-Hoc|iPhone.Build.0 = Release|Any CPU
		{ED57627B-3006-4850-9907-F95A1BCA6454}.Ad-Hoc|iPhone.Deploy.0 = Release|Any CPU
		{ED57627B-3006-4850-9907-F95A1BCA6454}.Ad-Hoc|iPhoneSimulator.ActiveCfg = Release|Any CPU
		{ED57627B-3006-4850-9907-F95A1BCA6454}.Ad-Hoc|iPhoneSimulator.Build.0 = Release|Any CPU
		{ED57627B-3006-4850-9907-F95A1BCA6454}.Ad-Hoc|iPhoneSimulator.Deploy.0 = Release|Any CPU
		{ED57627B-3006-4850-9907-F95A1BCA6454}.AppStore|Any CPU.ActiveCfg = Release|Any CPU
		{ED57627B-3006-4850-9907-F95A1BCA6454}.AppStore|Any CPU.Build.0 = Release|Any CPU
		{ED57627B-3006-4850-9907-F95A1BCA6454}.AppStore|Any CPU.Deploy.0 = Release|Any CPU
		{ED57627B-3006-4850-9907-F95A1BCA6454}.AppStore|iPhone.ActiveCfg = Release|Any CPU
		{ED57627B-3006-4850-9907-F95A1BCA6454}.AppStore|iPhone.Build.0 = Release|Any CPU
		{ED57627B-3006-4850-9907-F95A1BCA6454}.AppStore|iPhone.Deploy.0 = Release|Any CPU
		{ED57627B-3006-4850-9907-F95A1BCA6454}.AppStore|iPhoneSimulator.ActiveCfg = Release|Any CPU
		{ED57627B-3006-4850-9907-F95A1BCA6454}.AppStore|iPhoneSimulator.Build.0 = Release|Any CPU
		{ED57627B-3006-4850-9907-F95A1BCA6454}.AppStore|iPhoneSimulator.Deploy.0 = Release|Any CPU
		{ED57627B-3006-4850-9907-F95A1BCA6454}.Debug|Any CPU.ActiveCfg = Debug|Any CPU
		{ED57627B-3006-4850-9907-F95A1BCA6454}.Debug|Any CPU.Build.0 = Debug|Any CPU
		{ED57627B-3006-4850-9907-F95A1BCA6454}.Debug|Any CPU.Deploy.0 = Debug|Any CPU
		{ED57627B-3006-4850-9907-F95A1BCA6454}.Debug|iPhone.ActiveCfg = Debug|Any CPU
		{ED57627B-3006-4850-9907-F95A1BCA6454}.Debug|iPhone.Build.0 = Debug|Any CPU
		{ED57627B-3006-4850-9907-F95A1BCA6454}.Debug|iPhone.Deploy.0 = Debug|Any CPU
		{ED57627B-3006-4850-9907-F95A1BCA6454}.Debug|iPhoneSimulator.ActiveCfg = Debug|Any CPU
		{ED57627B-3006-4850-9907-F95A1BCA6454}.Debug|iPhoneSimulator.Build.0 = Debug|Any CPU
		{ED57627B-3006-4850-9907-F95A1BCA6454}.Debug|iPhoneSimulator.Deploy.0 = Debug|Any CPU
		{ED57627B-3006-4850-9907-F95A1BCA6454}.Release|Any CPU.ActiveCfg = Release|Any CPU
		{ED57627B-3006-4850-9907-F95A1BCA6454}.Release|Any CPU.Build.0 = Release|Any CPU
		{ED57627B-3006-4850-9907-F95A1BCA6454}.Release|Any CPU.Deploy.0 = Release|Any CPU
		{ED57627B-3006-4850-9907-F95A1BCA6454}.Release|iPhone.ActiveCfg = Release|Any CPU
		{ED57627B-3006-4850-9907-F95A1BCA6454}.Release|iPhone.Build.0 = Release|Any CPU
		{ED57627B-3006-4850-9907-F95A1BCA6454}.Release|iPhone.Deploy.0 = Release|Any CPU
		{ED57627B-3006-4850-9907-F95A1BCA6454}.Release|iPhoneSimulator.ActiveCfg = Release|Any CPU
		{ED57627B-3006-4850-9907-F95A1BCA6454}.Release|iPhoneSimulator.Build.0 = Release|Any CPU
		{ED57627B-3006-4850-9907-F95A1BCA6454}.Release|iPhoneSimulator.Deploy.0 = Release|Any CPU
		{F01669B1-BCAD-4322-90E7-B307DC62DA03}.Ad-Hoc|Any CPU.ActiveCfg = Ad-Hoc|iPhone
		{F01669B1-BCAD-4322-90E7-B307DC62DA03}.Ad-Hoc|iPhone.ActiveCfg = Ad-Hoc|iPhone
		{F01669B1-BCAD-4322-90E7-B307DC62DA03}.Ad-Hoc|iPhone.Build.0 = Ad-Hoc|iPhone
		{F01669B1-BCAD-4322-90E7-B307DC62DA03}.Ad-Hoc|iPhoneSimulator.ActiveCfg = Ad-Hoc|iPhoneSimulator
		{F01669B1-BCAD-4322-90E7-B307DC62DA03}.Ad-Hoc|iPhoneSimulator.Build.0 = Ad-Hoc|iPhoneSimulator
		{F01669B1-BCAD-4322-90E7-B307DC62DA03}.AppStore|Any CPU.ActiveCfg = AppStore|iPhone
		{F01669B1-BCAD-4322-90E7-B307DC62DA03}.AppStore|iPhone.ActiveCfg = AppStore|iPhone
		{F01669B1-BCAD-4322-90E7-B307DC62DA03}.AppStore|iPhone.Build.0 = AppStore|iPhone
		{F01669B1-BCAD-4322-90E7-B307DC62DA03}.AppStore|iPhoneSimulator.ActiveCfg = AppStore|iPhoneSimulator
		{F01669B1-BCAD-4322-90E7-B307DC62DA03}.AppStore|iPhoneSimulator.Build.0 = AppStore|iPhoneSimulator
		{F01669B1-BCAD-4322-90E7-B307DC62DA03}.Debug|Any CPU.ActiveCfg = Debug|iPhone
		{F01669B1-BCAD-4322-90E7-B307DC62DA03}.Debug|iPhone.ActiveCfg = Debug|iPhone
		{F01669B1-BCAD-4322-90E7-B307DC62DA03}.Debug|iPhone.Build.0 = Debug|iPhone
		{F01669B1-BCAD-4322-90E7-B307DC62DA03}.Debug|iPhoneSimulator.ActiveCfg = Debug|iPhoneSimulator
		{F01669B1-BCAD-4322-90E7-B307DC62DA03}.Debug|iPhoneSimulator.Build.0 = Debug|iPhoneSimulator
		{F01669B1-BCAD-4322-90E7-B307DC62DA03}.Release|Any CPU.ActiveCfg = Release|iPhone
		{F01669B1-BCAD-4322-90E7-B307DC62DA03}.Release|iPhone.ActiveCfg = Release|iPhone
		{F01669B1-BCAD-4322-90E7-B307DC62DA03}.Release|iPhone.Build.0 = Release|iPhone
		{F01669B1-BCAD-4322-90E7-B307DC62DA03}.Release|iPhoneSimulator.ActiveCfg = Release|iPhoneSimulator
		{F01669B1-BCAD-4322-90E7-B307DC62DA03}.Release|iPhoneSimulator.Build.0 = Release|iPhoneSimulator
	EndGlobalSection
	GlobalSection(SolutionProperties) = preSolution
		HideSolutionNode = FALSE
	EndGlobalSection
	GlobalSection(ExtensibilityGlobals) = postSolution
		SolutionGuid = {9C04BDE8-E095-4137-9C24-0CCA84096EBD}
	EndGlobalSection
EndGlobal
